
Microsoft Visual Studio Solution File, Format Version 12.00
# Visual Studio 15
VisualStudioVersion = 15.0.28307.852
MinimumVisualStudioVersion = 10.0.40219.1
Project("{9A19103F-16F7-4668-BE54-9A1E7A4F7556}") = "TokenAuthenticationWithAspAngular", "TokenAuthenticationWithAspAngular\TokenAuthenticationWithAspAngular.csproj", "{0EC1F152-55F4-4D5B-809A-2FEF2992779F}"
EndProject
Project("{FAE04EC0-301F-11D3-BF4B-00C04F79EFBC}") = "UpdateResourceWithPatchMethod", "..\..\net-core\UpdateResourceWithPatchMethod\UpdateResourceWithPatchMethod.csproj", "{176EE77C-4D17-4262-8A84-B205769F87AD}"
EndProject
Global
	GlobalSection(SolutionConfigurationPlatforms) = preSolution
		Debug|Any CPU = Debug|Any CPU
		Release|Any CPU = Release|Any CPU
	EndGlobalSection
	GlobalSection(ProjectConfigurationPlatforms) = postSolution
		{0EC1F152-55F4-4D5B-809A-2FEF2992779F}.Debug|Any CPU.ActiveCfg = Debug|Any CPU
		{0EC1F152-55F4-4D5B-809A-2FEF2992779F}.Debug|Any CPU.Build.0 = Debug|Any CPU
		{0EC1F152-55F4-4D5B-809A-2FEF2992779F}.Release|Any CPU.ActiveCfg = Release|Any CPU
		{0EC1F152-55F4-4D5B-809A-2FEF2992779F}.Release|Any CPU.Build.0 = Release|Any CPU
		{176EE77C-4D17-4262-8A84-B205769F87AD}.Debug|Any CPU.ActiveCfg = Debug|Any CPU
		{176EE77C-4D17-4262-8A84-B205769F87AD}.Debug|Any CPU.Build.0 = Debug|Any CPU
		{176EE77C-4D17-4262-8A84-B205769F87AD}.Release|Any CPU.ActiveCfg = Release|Any CPU
		{176EE77C-4D17-4262-8A84-B205769F87AD}.Release|Any CPU.Build.0 = Release|Any CPU
	EndGlobalSection
	GlobalSection(SolutionProperties) = preSolution
		HideSolutionNode = FALSE
	EndGlobalSection
	GlobalSection(ExtensibilityGlobals) = postSolution
		SolutionGuid = {0C04B86E-8CFB-46AE-B6AF-300E2E6F649E}
	EndGlobalSection
EndGlobal
